
Microsoft Visual Studio Solution File, Format Version 12.00
# Visual Studio Version 17
VisualStudioVersion = 17.10.35027.167
MinimumVisualStudioVersion = 10.0.40219.1
Project("{FAE04EC0-301F-11D3-BF4B-00C04F79EFBC}") = "ObjectId", "ObjectId\ObjectId.csproj", "{4E6B145D-2592-4D5C-936F-FA2F57377D5B}"
EndProject
Global
	GlobalSection(SolutionConfigurationPlatforms) = preSolution
		Debug|Any CPU = Debug|Any CPU
		Release|Any CPU = Release|Any CPU
	EndGlobalSection
	GlobalSection(ProjectConfigurationPlatforms) = postSolution
		{4E6B145D-2592-4D5C-936F-FA2F57377D5B}.Debug|Any CPU.ActiveCfg = Debug|Any CPU
		{4E6B145D-2592-4D5C-936F-FA2F57377D5B}.Debug|Any CPU.Build.0 = Debug|Any CPU
		{4E6B145D-2592-4D5C-936F-FA2F57377D5B}.Release|Any CPU.ActiveCfg = Release|Any CPU
		{4E6B145D-2592-4D5C-936F-FA2F57377D5B}.Release|Any CPU.Build.0 = Release|Any CPU
	EndGlobalSection
	GlobalSection(SolutionProperties) = preSolution
		HideSolutionNode = FALSE
	EndGlobalSection
	GlobalSection(ExtensibilityGlobals) = postSolution
		SolutionGuid = {7CECB928-597C-4C8D-B0D3-B25E3D7C6D83}
	EndGlobalSection
EndGlobal
